
Microsoft Visual Studio Solution File, Format Version 12.00
# Visual Studio 15
VisualStudioVersion = 15.0.28307.329
MinimumVisualStudioVersion = 10.0.40219.1
Project("{FAE04EC0-301F-11D3-BF4B-00C04F79EFBC}") = "PXEBoot", "PXEBoot\PXEBoot.csproj", "{21C0F199-C8A3-4AB5-8146-826D7303E203}"
EndProject
Project("{2150E333-8FDC-42A3-9474-1A3956D46DE8}") = "Solution Items", "Solution Items", "{7A3A189F-9EF8-4C36-8D99-6D31386327E4}"
	ProjectSection(SolutionItems) = preProject
		README.md = README.md
	EndProjectSection
EndProject
Global
	GlobalSection(SolutionConfigurationPlatforms) = preSolution
		Debug|Any CPU = Debug|Any CPU
		Release|Any CPU = Release|Any CPU
	EndGlobalSection
	GlobalSection(ProjectConfigurationPlatforms) = postSolution
		{21C0F199-C8A3-4AB5-8146-826D7303E203}.Debug|Any CPU.ActiveCfg = Debug|Any CPU
		{21C0F199-C8A3-4AB5-8146-826D7303E203}.Debug|Any CPU.Build.0 = Debug|Any CPU
		{21C0F199-C8A3-4AB5-8146-826D7303E203}.Release|Any CPU.ActiveCfg = Release|Any CPU
		{21C0F199-C8A3-4AB5-8146-826D7303E203}.Release|Any CPU.Build.0 = Release|Any CPU
	EndGlobalSection
	GlobalSection(SolutionProperties) = preSolution
		HideSolutionNode = FALSE
	EndGlobalSection
	GlobalSection(ExtensibilityGlobals) = postSolution
		SolutionGuid = {225A48A2-B73D-4DEA-B5EE-8ECCF01DA42C}
	EndGlobalSection
EndGlobal
